// !$*UTF8*$!
{
	archiveVersion = 1;
	classes = {
	};
	objectVersion = 56;
	objects = {

/* Begin PBXBuildFile section */
		6C0875FA2C1627F3002B4806 /* WeatherProvider.swift in Sources */ = {isa = PBXBuildFile; fileRef = 6C0875F92C1627F3002B4806 /* WeatherProvider.swift */; };
		6C0875FC2C181A19002B4806 /* Config.plist in Resources */ = {isa = PBXBuildFile; fileRef = 6C0875FB2C181A19002B4806 /* Config.plist */; };
		6C0875FE2C182289002B4806 /* APIEndpointProvider.swift in Sources */ = {isa = PBXBuildFile; fileRef = 6C0875FD2C182289002B4806 /* APIEndpointProvider.swift */; };
		6C0876012C18BFC9002B4806 /* ForecastResponse.swift in Sources */ = {isa = PBXBuildFile; fileRef = 6C0876002C18BFC9002B4806 /* ForecastResponse.swift */; };
		6C0876092C18DFE0002B4806 /* city_list.json in Resources */ = {isa = PBXBuildFile; fileRef = 6C0876082C18DFE0002B4806 /* city_list.json */; };
		6C08760B2C18E7B7002B4806 /* CitySearchViewModel.swift in Sources */ = {isa = PBXBuildFile; fileRef = 6C08760A2C18E7B7002B4806 /* CitySearchViewModel.swift */; };
		6C0D1E982C23E724005493B4 /* UDStorageManager.swift in Sources */ = {isa = PBXBuildFile; fileRef = 6C0D1E972C23E724005493B4 /* UDStorageManager.swift */; };
		6C18BA912C138A0C005ACFA1 /* WeatherViewHeader.swift in Sources */ = {isa = PBXBuildFile; fileRef = 6C18BA902C138A0C005ACFA1 /* WeatherViewHeader.swift */; };
		6C1BCD552BF81E890098BDD4 /* CityWeatherDetailsViewController.swift in Sources */ = {isa = PBXBuildFile; fileRef = 6C1BCD542BF81E890098BDD4 /* CityWeatherDetailsViewController.swift */; };
		6C1BCD582BF876770098BDD4 /* CitySearchViewController.swift in Sources */ = {isa = PBXBuildFile; fileRef = 6C1BCD572BF876770098BDD4 /* CitySearchViewController.swift */; };
		6C3090AE2BEAA7CA00C343EE /* AppDelegate.swift in Sources */ = {isa = PBXBuildFile; fileRef = 6C3090AD2BEAA7CA00C343EE /* AppDelegate.swift */; };
		6C3090B02BEAA7CA00C343EE /* SceneDelegate.swift in Sources */ = {isa = PBXBuildFile; fileRef = 6C3090AF2BEAA7CA00C343EE /* SceneDelegate.swift */; };
		6C3090B22BEAA7CA00C343EE /* CityWeatherViewController.swift in Sources */ = {isa = PBXBuildFile; fileRef = 6C3090B12BEAA7CA00C343EE /* CityWeatherViewController.swift */; };
		6C3090BA2BEAA7CC00C343EE /* Assets.xcassets in Resources */ = {isa = PBXBuildFile; fileRef = 6C3090B92BEAA7CC00C343EE /* Assets.xcassets */; };
		6C3090BD2BEAA7CC00C343EE /* Base in Resources */ = {isa = PBXBuildFile; fileRef = 6C3090BC2BEAA7CC00C343EE /* Base */; };
		6C3090C72BEAC55900C343EE /* TitleView.swift in Sources */ = {isa = PBXBuildFile; fileRef = 6C3090C62BEAC55900C343EE /* TitleView.swift */; };
		6C3090CE2BEAF41000C343EE /* BottomBarView.swift in Sources */ = {isa = PBXBuildFile; fileRef = 6C3090CD2BEAF41000C343EE /* BottomBarView.swift */; };
		6C30AE2D2C0A65B600F538ED /* CityWeatherViewModel.swift in Sources */ = {isa = PBXBuildFile; fileRef = 6C30AE2C2C0A65B600F538ED /* CityWeatherViewModel.swift */; };
		6C30AE2F2C0A674A00F538ED /* TitleCell.swift in Sources */ = {isa = PBXBuildFile; fileRef = 6C30AE2E2C0A674A00F538ED /* TitleCell.swift */; };
		6C30AE312C0A6CA800F538ED /* HourWeatherCell.swift in Sources */ = {isa = PBXBuildFile; fileRef = 6C30AE302C0A6CA800F538ED /* HourWeatherCell.swift */; };
		6C30AE332C0A6CD300F538ED /* DayWeatherCell.swift in Sources */ = {isa = PBXBuildFile; fileRef = 6C30AE322C0A6CD300F538ED /* DayWeatherCell.swift */; };
		6C30AE352C0D51AE00F538ED /* UITableView + RegisterCell + DequeueReusableCell.swift in Sources */ = {isa = PBXBuildFile; fileRef = 6C30AE342C0D51AE00F538ED /* UITableView + RegisterCell + DequeueReusableCell.swift */; };
		6C463FBA2C1183F700C7B1C1 /* CitySelectionViewModel.swift in Sources */ = {isa = PBXBuildFile; fileRef = 6C463FB92C1183F700C7B1C1 /* CitySelectionViewModel.swift */; };
		6C66B6A02C260A0300C42EF1 /* CityEntity.swift in Sources */ = {isa = PBXBuildFile; fileRef = 6C66B69F2C260A0300C42EF1 /* CityEntity.swift */; };
		6C66B6A22C260C5200C42EF1 /* CDStorageManager.swift in Sources */ = {isa = PBXBuildFile; fileRef = 6C66B6A12C260C5200C42EF1 /* CDStorageManager.swift */; };
		6C66B6A62C261CCA00C42EF1 /* CoreData.xcdatamodeld in Sources */ = {isa = PBXBuildFile; fileRef = 6C66B6A32C261CCA00C42EF1 /* CoreData.xcdatamodeld */; };
		6C66B6AB2C26292700C42EF1 /* CityDataProvider.swift in Sources */ = {isa = PBXBuildFile; fileRef = 6C66B6AA2C26292700C42EF1 /* CityDataProvider.swift */; };
		6C6B54DB2C1257E600BEC192 /* InfoFooter.swift in Sources */ = {isa = PBXBuildFile; fileRef = 6C6B54DA2C1257E600BEC192 /* InfoFooter.swift */; };
		6C6B54DD2C12633900BEC192 /* UICollectionView + RegisterDequeueCellAndView.swift in Sources */ = {isa = PBXBuildFile; fileRef = 6C6B54DC2C12633900BEC192 /* UICollectionView + RegisterDequeueCellAndView.swift */; };
		6C72E6C52BEDA0EE000E246D /* CityViewCell.swift in Sources */ = {isa = PBXBuildFile; fileRef = 6C72E6C42BEDA0EE000E246D /* CityViewCell.swift */; };
		6C7F03212C1D62220096C031 /* GroupResponce.swift in Sources */ = {isa = PBXBuildFile; fileRef = 6C7F03202C1D62220096C031 /* GroupResponce.swift */; };
		6C7F03232C1E24130096C031 /* MainData.swift in Sources */ = {isa = PBXBuildFile; fileRef = 6C7F03222C1E24130096C031 /* MainData.swift */; };
		6C7F03252C1E24860096C031 /* WeatherData.swift in Sources */ = {isa = PBXBuildFile; fileRef = 6C7F03242C1E24860096C031 /* WeatherData.swift */; };
		6C7F03272C1E252A0096C031 /* WindData.swift in Sources */ = {isa = PBXBuildFile; fileRef = 6C7F03262C1E252A0096C031 /* WindData.swift */; };
		6C7F03292C1E25F60096C031 /* Double + Rounded.swift in Sources */ = {isa = PBXBuildFile; fileRef = 6C7F03282C1E25F60096C031 /* Double + Rounded.swift */; };
		6C89676B2BF027A00046E356 /* UnitSelectionView.swift in Sources */ = {isa = PBXBuildFile; fileRef = 6C89676A2BF027A00046E356 /* UnitSelectionView.swift */; };
		6C89676E2BF06A9A0046E356 /* WebViewController.swift in Sources */ = {isa = PBXBuildFile; fileRef = 6C89676D2BF06A9A0046E356 /* WebViewController.swift */; };
		6C9C313E2C1D011100E8B238 /* APIDataProvider.swift in Sources */ = {isa = PBXBuildFile; fileRef = 6C9C313D2C1D011100E8B238 /* APIDataProvider.swift */; };
		6C9C31412C1D019700E8B238 /* Coordinate.swift in Sources */ = {isa = PBXBuildFile; fileRef = 6C9C31402C1D019700E8B238 /* Coordinate.swift */; };
		6C9C31432C1D03E100E8B238 /* WeatherResponse.swift in Sources */ = {isa = PBXBuildFile; fileRef = 6C9C31422C1D03E100E8B238 /* WeatherResponse.swift */; };
		6C9C31472C1D4C9700E8B238 /* APIError.swift in Sources */ = {isa = PBXBuildFile; fileRef = 6C9C31462C1D4C9700E8B238 /* APIError.swift */; };
		6C9C31492C1D4D2400E8B238 /* CloudsData.swift in Sources */ = {isa = PBXBuildFile; fileRef = 6C9C31482C1D4D2400E8B238 /* CloudsData.swift */; };
		6C9C314B2C1D593300E8B238 /* CityData.swift in Sources */ = {isa = PBXBuildFile; fileRef = 6C9C314A2C1D593300E8B238 /* CityData.swift */; };
		6CBA83552BFE71F8009BF65F /* UIImage+SystemName.swift in Sources */ = {isa = PBXBuildFile; fileRef = 6CBA83542BFE71F8009BF65F /* UIImage+SystemName.swift */; };
		6CBA83582BFEFBC1009BF65F /* MOCKDataProvider.swift in Sources */ = {isa = PBXBuildFile; fileRef = 6CBA83572BFEFBC1009BF65F /* MOCKDataProvider.swift */; };
		6CBF64142BEF27A300567128 /* CitySelectionViewController.swift in Sources */ = {isa = PBXBuildFile; fileRef = 6CBF64132BEF27A300567128 /* CitySelectionViewController.swift */; };
		6CD7D3352C139188003EAD34 /* WeatherViewBackground.swift in Sources */ = {isa = PBXBuildFile; fileRef = 6CD7D3342C139188003EAD34 /* WeatherViewBackground.swift */; };
		BCF336EC40CE324D9DC33B28 /* Pods_WeatherApp.framework in Frameworks */ = {isa = PBXBuildFile; fileRef = 55D073B5D62EDDD919C000D4 /* Pods_WeatherApp.framework */; };
/* End PBXBuildFile section */

/* Begin PBXFileReference section */
		55D073B5D62EDDD919C000D4 /* Pods_WeatherApp.framework */ = {isa = PBXFileReference; explicitFileType = wrapper.framework; includeInIndex = 0; path = Pods_WeatherApp.framework; sourceTree = BUILT_PRODUCTS_DIR; };
		6C0875F92C1627F3002B4806 /* WeatherProvider.swift */ = {isa = PBXFileReference; lastKnownFileType = sourcecode.swift; path = WeatherProvider.swift; sourceTree = "<group>"; };
		6C0875FB2C181A19002B4806 /* Config.plist */ = {isa = PBXFileReference; lastKnownFileType = text.plist.xml; path = Config.plist; sourceTree = "<group>"; };
		6C0875FD2C182289002B4806 /* APIEndpointProvider.swift */ = {isa = PBXFileReference; lastKnownFileType = sourcecode.swift; path = APIEndpointProvider.swift; sourceTree = "<group>"; };
		6C0876002C18BFC9002B4806 /* ForecastResponse.swift */ = {isa = PBXFileReference; lastKnownFileType = sourcecode.swift; name = ForecastResponse.swift; path = ../../../Models/ForecastResponse.swift; sourceTree = "<group>"; };
		6C0876082C18DFE0002B4806 /* city_list.json */ = {isa = PBXFileReference; fileEncoding = 4; lastKnownFileType = text.json; path = city_list.json; sourceTree = "<group>"; };
		6C08760A2C18E7B7002B4806 /* CitySearchViewModel.swift */ = {isa = PBXFileReference; lastKnownFileType = sourcecode.swift; path = CitySearchViewModel.swift; sourceTree = "<group>"; };
		6C0D1E972C23E724005493B4 /* UDStorageManager.swift */ = {isa = PBXFileReference; lastKnownFileType = sourcecode.swift; path = UDStorageManager.swift; sourceTree = "<group>"; };
		6C18BA902C138A0C005ACFA1 /* WeatherViewHeader.swift */ = {isa = PBXFileReference; lastKnownFileType = sourcecode.swift; path = WeatherViewHeader.swift; sourceTree = "<group>"; };
		6C1BCD542BF81E890098BDD4 /* CityWeatherDetailsViewController.swift */ = {isa = PBXFileReference; lastKnownFileType = sourcecode.swift; path = CityWeatherDetailsViewController.swift; sourceTree = "<group>"; };
		6C1BCD572BF876770098BDD4 /* CitySearchViewController.swift */ = {isa = PBXFileReference; lastKnownFileType = sourcecode.swift; path = CitySearchViewController.swift; sourceTree = "<group>"; };
		6C3090AA2BEAA7CA00C343EE /* WeatherApp.app */ = {isa = PBXFileReference; explicitFileType = wrapper.application; includeInIndex = 0; path = WeatherApp.app; sourceTree = BUILT_PRODUCTS_DIR; };
		6C3090AD2BEAA7CA00C343EE /* AppDelegate.swift */ = {isa = PBXFileReference; lastKnownFileType = sourcecode.swift; path = AppDelegate.swift; sourceTree = "<group>"; };
		6C3090AF2BEAA7CA00C343EE /* SceneDelegate.swift */ = {isa = PBXFileReference; lastKnownFileType = sourcecode.swift; path = SceneDelegate.swift; sourceTree = "<group>"; };
		6C3090B12BEAA7CA00C343EE /* CityWeatherViewController.swift */ = {isa = PBXFileReference; lastKnownFileType = sourcecode.swift; path = CityWeatherViewController.swift; sourceTree = "<group>"; };
		6C3090B92BEAA7CC00C343EE /* Assets.xcassets */ = {isa = PBXFileReference; lastKnownFileType = folder.assetcatalog; path = Assets.xcassets; sourceTree = "<group>"; };
		6C3090BC2BEAA7CC00C343EE /* Base */ = {isa = PBXFileReference; lastKnownFileType = file.storyboard; name = Base; path = Base.lproj/LaunchScreen.storyboard; sourceTree = "<group>"; };
		6C3090BE2BEAA7CC00C343EE /* Info.plist */ = {isa = PBXFileReference; lastKnownFileType = text.plist.xml; path = Info.plist; sourceTree = "<group>"; };
		6C3090C62BEAC55900C343EE /* TitleView.swift */ = {isa = PBXFileReference; lastKnownFileType = sourcecode.swift; path = TitleView.swift; sourceTree = "<group>"; };
		6C3090CD2BEAF41000C343EE /* BottomBarView.swift */ = {isa = PBXFileReference; lastKnownFileType = sourcecode.swift; path = BottomBarView.swift; sourceTree = "<group>"; };
		6C30AE2C2C0A65B600F538ED /* CityWeatherViewModel.swift */ = {isa = PBXFileReference; lastKnownFileType = sourcecode.swift; path = CityWeatherViewModel.swift; sourceTree = "<group>"; };
		6C30AE2E2C0A674A00F538ED /* TitleCell.swift */ = {isa = PBXFileReference; lastKnownFileType = sourcecode.swift; path = TitleCell.swift; sourceTree = "<group>"; };
		6C30AE302C0A6CA800F538ED /* HourWeatherCell.swift */ = {isa = PBXFileReference; lastKnownFileType = sourcecode.swift; path = HourWeatherCell.swift; sourceTree = "<group>"; };
		6C30AE322C0A6CD300F538ED /* DayWeatherCell.swift */ = {isa = PBXFileReference; lastKnownFileType = sourcecode.swift; path = DayWeatherCell.swift; sourceTree = "<group>"; };
		6C30AE342C0D51AE00F538ED /* UITableView + RegisterCell + DequeueReusableCell.swift */ = {isa = PBXFileReference; lastKnownFileType = sourcecode.swift; path = "UITableView + RegisterCell + DequeueReusableCell.swift"; sourceTree = "<group>"; };
		6C463FB92C1183F700C7B1C1 /* CitySelectionViewModel.swift */ = {isa = PBXFileReference; lastKnownFileType = sourcecode.swift; path = CitySelectionViewModel.swift; sourceTree = "<group>"; };
		6C66B69F2C260A0300C42EF1 /* CityEntity.swift */ = {isa = PBXFileReference; lastKnownFileType = sourcecode.swift; path = CityEntity.swift; sourceTree = "<group>"; };
		6C66B6A12C260C5200C42EF1 /* CDStorageManager.swift */ = {isa = PBXFileReference; lastKnownFileType = sourcecode.swift; path = CDStorageManager.swift; sourceTree = "<group>"; };
		6C66B6A42C261CCA00C42EF1 /* WeatherApp.xcdatamodel */ = {isa = PBXFileReference; lastKnownFileType = wrapper.xcdatamodel; path = WeatherApp.xcdatamodel; sourceTree = "<group>"; };
		6C66B6A52C261CCA00C42EF1 /* CoreData.xcdatamodel */ = {isa = PBXFileReference; lastKnownFileType = wrapper.xcdatamodel; path = CoreData.xcdatamodel; sourceTree = "<group>"; };
		6C66B6AA2C26292700C42EF1 /* CityDataProvider.swift */ = {isa = PBXFileReference; lastKnownFileType = sourcecode.swift; path = CityDataProvider.swift; sourceTree = "<group>"; };
		6C6B54DA2C1257E600BEC192 /* InfoFooter.swift */ = {isa = PBXFileReference; lastKnownFileType = sourcecode.swift; path = InfoFooter.swift; sourceTree = "<group>"; };
		6C6B54DC2C12633900BEC192 /* UICollectionView + RegisterDequeueCellAndView.swift */ = {isa = PBXFileReference; lastKnownFileType = sourcecode.swift; path = "UICollectionView + RegisterDequeueCellAndView.swift"; sourceTree = "<group>"; };
		6C72E6C42BEDA0EE000E246D /* CityViewCell.swift */ = {isa = PBXFileReference; lastKnownFileType = sourcecode.swift; path = CityViewCell.swift; sourceTree = "<group>"; };
		6C7F03202C1D62220096C031 /* GroupResponce.swift */ = {isa = PBXFileReference; lastKnownFileType = sourcecode.swift; path = GroupResponce.swift; sourceTree = "<group>"; };
		6C7F03222C1E24130096C031 /* MainData.swift */ = {isa = PBXFileReference; lastKnownFileType = sourcecode.swift; path = MainData.swift; sourceTree = "<group>"; };
		6C7F03242C1E24860096C031 /* WeatherData.swift */ = {isa = PBXFileReference; lastKnownFileType = sourcecode.swift; path = WeatherData.swift; sourceTree = "<group>"; };
		6C7F03262C1E252A0096C031 /* WindData.swift */ = {isa = PBXFileReference; lastKnownFileType = sourcecode.swift; path = WindData.swift; sourceTree = "<group>"; };
		6C7F03282C1E25F60096C031 /* Double + Rounded.swift */ = {isa = PBXFileReference; lastKnownFileType = sourcecode.swift; path = "Double + Rounded.swift"; sourceTree = "<group>"; };
		6C89676A2BF027A00046E356 /* UnitSelectionView.swift */ = {isa = PBXFileReference; lastKnownFileType = sourcecode.swift; path = UnitSelectionView.swift; sourceTree = "<group>"; };
		6C89676D2BF06A9A0046E356 /* WebViewController.swift */ = {isa = PBXFileReference; lastKnownFileType = sourcecode.swift; path = WebViewController.swift; sourceTree = "<group>"; };
		6C9C313D2C1D011100E8B238 /* APIDataProvider.swift */ = {isa = PBXFileReference; lastKnownFileType = sourcecode.swift; path = APIDataProvider.swift; sourceTree = "<group>"; };
		6C9C31402C1D019700E8B238 /* Coordinate.swift */ = {isa = PBXFileReference; lastKnownFileType = sourcecode.swift; path = Coordinate.swift; sourceTree = "<group>"; };
		6C9C31422C1D03E100E8B238 /* WeatherResponse.swift */ = {isa = PBXFileReference; lastKnownFileType = sourcecode.swift; path = WeatherResponse.swift; sourceTree = "<group>"; };
		6C9C31462C1D4C9700E8B238 /* APIError.swift */ = {isa = PBXFileReference; lastKnownFileType = sourcecode.swift; path = APIError.swift; sourceTree = "<group>"; };
		6C9C31482C1D4D2400E8B238 /* CloudsData.swift */ = {isa = PBXFileReference; lastKnownFileType = sourcecode.swift; path = CloudsData.swift; sourceTree = "<group>"; };
		6C9C314A2C1D593300E8B238 /* CityData.swift */ = {isa = PBXFileReference; lastKnownFileType = sourcecode.swift; path = CityData.swift; sourceTree = "<group>"; };
		6CBA83542BFE71F8009BF65F /* UIImage+SystemName.swift */ = {isa = PBXFileReference; lastKnownFileType = sourcecode.swift; path = "UIImage+SystemName.swift"; sourceTree = "<group>"; };
		6CBA83572BFEFBC1009BF65F /* MOCKDataProvider.swift */ = {isa = PBXFileReference; lastKnownFileType = sourcecode.swift; path = MOCKDataProvider.swift; sourceTree = "<group>"; };
		6CBF64132BEF27A300567128 /* CitySelectionViewController.swift */ = {isa = PBXFileReference; lastKnownFileType = sourcecode.swift; path = CitySelectionViewController.swift; sourceTree = "<group>"; };
		6CD7D3342C139188003EAD34 /* WeatherViewBackground.swift */ = {isa = PBXFileReference; lastKnownFileType = sourcecode.swift; path = WeatherViewBackground.swift; sourceTree = "<group>"; };
		86B10623401A2716A38F38B4 /* Pods-WeatherApp.debug.xcconfig */ = {isa = PBXFileReference; includeInIndex = 1; lastKnownFileType = text.xcconfig; name = "Pods-WeatherApp.debug.xcconfig"; path = "Target Support Files/Pods-WeatherApp/Pods-WeatherApp.debug.xcconfig"; sourceTree = "<group>"; };
		879851C942FEF1B696F36694 /* Pods-WeatherApp.release.xcconfig */ = {isa = PBXFileReference; includeInIndex = 1; lastKnownFileType = text.xcconfig; name = "Pods-WeatherApp.release.xcconfig"; path = "Target Support Files/Pods-WeatherApp/Pods-WeatherApp.release.xcconfig"; sourceTree = "<group>"; };
/* End PBXFileReference section */

/* Begin PBXFrameworksBuildPhase section */
		6C3090A72BEAA7CA00C343EE /* Frameworks */ = {
			isa = PBXFrameworksBuildPhase;
			buildActionMask = 2147483647;
			files = (
				BCF336EC40CE324D9DC33B28 /* Pods_WeatherApp.framework in Frameworks */,
			);
			runOnlyForDeploymentPostprocessing = 0;
		};
/* End PBXFrameworksBuildPhase section */

/* Begin PBXGroup section */
		0805D3607BA311418CC58F4B /* Frameworks */ = {
			isa = PBXGroup;
			children = (
				55D073B5D62EDDD919C000D4 /* Pods_WeatherApp.framework */,
			);
			name = Frameworks;
			sourceTree = "<group>";
		};
		6C15D43F2BFE6E9F00101EF9 /* Application */ = {
			isa = PBXGroup;
			children = (
				6C3090AD2BEAA7CA00C343EE /* AppDelegate.swift */,
				6C3090AF2BEAA7CA00C343EE /* SceneDelegate.swift */,
			);
			path = Application;
			sourceTree = "<group>";
		};
		6C15D4402BFE6F1E00101EF9 /* SupportingFiles */ = {
			isa = PBXGroup;
			children = (
				6C3090B92BEAA7CC00C343EE /* Assets.xcassets */,
				6C3090BB2BEAA7CC00C343EE /* LaunchScreen.storyboard */,
				6C3090BE2BEAA7CC00C343EE /* Info.plist */,
				6C0875FB2C181A19002B4806 /* Config.plist */,
				6C0876082C18DFE0002B4806 /* city_list.json */,
			);
			path = SupportingFiles;
			sourceTree = "<group>";
		};
		6C1BCD532BF81E620098BDD4 /* CityWeatherDetailsViewController */ = {
			isa = PBXGroup;
			children = (
				6C1BCD542BF81E890098BDD4 /* CityWeatherDetailsViewController.swift */,
			);
			path = CityWeatherDetailsViewController;
			sourceTree = "<group>";
		};
		6C1BCD562BF876400098BDD4 /* CitySearch */ = {
			isa = PBXGroup;
			children = (
				6C1BCD572BF876770098BDD4 /* CitySearchViewController.swift */,
				6C08760A2C18E7B7002B4806 /* CitySearchViewModel.swift */,
			);
			path = CitySearch;
			sourceTree = "<group>";
		};
		6C3090A12BEAA7CA00C343EE = {
			isa = PBXGroup;
			children = (
				6C3090AC2BEAA7CA00C343EE /* WeatherApp */,
				6C3090AB2BEAA7CA00C343EE /* Products */,
				9EBD6790F5AD7B567C20C151 /* Pods */,
				0805D3607BA311418CC58F4B /* Frameworks */,
			);
			sourceTree = "<group>";
		};
		6C3090AB2BEAA7CA00C343EE /* Products */ = {
			isa = PBXGroup;
			children = (
				6C3090AA2BEAA7CA00C343EE /* WeatherApp.app */,
			);
			name = Products;
			sourceTree = "<group>";
		};
		6C3090AC2BEAA7CA00C343EE /* WeatherApp */ = {
			isa = PBXGroup;
			children = (
				6C15D43F2BFE6E9F00101EF9 /* Application */,
				6C15D4402BFE6F1E00101EF9 /* SupportingFiles */,
				6CBA83532BFE71CC009BF65F /* Extensions */,
				6CBA83562BFEFB91009BF65F /* Services */,
				6C1BCD532BF81E620098BDD4 /* CityWeatherDetailsViewController */,
				6C89676C2BF06A730046E356 /* WebViewController */,
				6C72E6C22BEDA0BB000E246D /* CitySelection */,
				6C1BCD562BF876400098BDD4 /* CitySearch */,
				6C3090CA2BEAD93000C343EE /* CityWeather */,
			);
			path = WeatherApp;
			sourceTree = "<group>";
		};
		6C3090C52BEAB2B500C343EE /* Views */ = {
			isa = PBXGroup;
			children = (
				6C3090C62BEAC55900C343EE /* TitleView.swift */,
				6C3090CD2BEAF41000C343EE /* BottomBarView.swift */,
				6C30AE2E2C0A674A00F538ED /* TitleCell.swift */,
				6C30AE302C0A6CA800F538ED /* HourWeatherCell.swift */,
				6C30AE322C0A6CD300F538ED /* DayWeatherCell.swift */,
				6C18BA902C138A0C005ACFA1 /* WeatherViewHeader.swift */,
				6CD7D3342C139188003EAD34 /* WeatherViewBackground.swift */,
			);
			path = Views;
			sourceTree = "<group>";
		};
		6C3090CA2BEAD93000C343EE /* CityWeather */ = {
			isa = PBXGroup;
			children = (
				6C3090C52BEAB2B500C343EE /* Views */,
				6C3090B12BEAA7CA00C343EE /* CityWeatherViewController.swift */,
				6C30AE2C2C0A65B600F538ED /* CityWeatherViewModel.swift */,
			);
			path = CityWeather;
			sourceTree = "<group>";
		};
		6C66B69D2C2609DE00C42EF1 /* CDStorageManager */ = {
			isa = PBXGroup;
			children = (
				6C66B69E2C2609EA00C42EF1 /* Models */,
				6C66B6A12C260C5200C42EF1 /* CDStorageManager.swift */,
				6C66B6A32C261CCA00C42EF1 /* CoreData.xcdatamodeld */,
			);
			path = CDStorageManager;
			sourceTree = "<group>";
		};
		6C66B69E2C2609EA00C42EF1 /* Models */ = {
			isa = PBXGroup;
			children = (
				6C66B69F2C260A0300C42EF1 /* CityEntity.swift */,
			);
			path = Models;
			sourceTree = "<group>";
		};
		6C72E6C22BEDA0BB000E246D /* CitySelection */ = {
			isa = PBXGroup;
			children = (
				6C72E6C32BEDA0DD000E246D /* Views */,
				6CBF64132BEF27A300567128 /* CitySelectionViewController.swift */,
				6C463FB92C1183F700C7B1C1 /* CitySelectionViewModel.swift */,
			);
			path = CitySelection;
			sourceTree = "<group>";
		};
		6C72E6C32BEDA0DD000E246D /* Views */ = {
			isa = PBXGroup;
			children = (
				6C72E6C42BEDA0EE000E246D /* CityViewCell.swift */,
				6C89676A2BF027A00046E356 /* UnitSelectionView.swift */,
				6C6B54DA2C1257E600BEC192 /* InfoFooter.swift */,
			);
			path = Views;
			sourceTree = "<group>";
		};
		6C89676C2BF06A730046E356 /* WebViewController */ = {
			isa = PBXGroup;
			children = (
				6C89676D2BF06A9A0046E356 /* WebViewController.swift */,
			);
			path = WebViewController;
			sourceTree = "<group>";
		};
		6C9C313C2C1D00FB00E8B238 /* APIDataProvider */ = {
			isa = PBXGroup;
			children = (
				6C9C313F2C1D011900E8B238 /* Models */,
				6C9C313D2C1D011100E8B238 /* APIDataProvider.swift */,
			);
			path = APIDataProvider;
			sourceTree = "<group>";
		};
		6C9C313F2C1D011900E8B238 /* Models */ = {
			isa = PBXGroup;
			children = (
				6C9C31402C1D019700E8B238 /* Coordinate.swift */,
				6C0876002C18BFC9002B4806 /* ForecastResponse.swift */,
				6C9C31422C1D03E100E8B238 /* WeatherResponse.swift */,
				6C9C31462C1D4C9700E8B238 /* APIError.swift */,
				6C9C31482C1D4D2400E8B238 /* CloudsData.swift */,
				6C9C314A2C1D593300E8B238 /* CityData.swift */,
				6C7F03202C1D62220096C031 /* GroupResponce.swift */,
				6C7F03222C1E24130096C031 /* MainData.swift */,
				6C7F03242C1E24860096C031 /* WeatherData.swift */,
				6C7F03262C1E252A0096C031 /* WindData.swift */,
			);
			path = Models;
			sourceTree = "<group>";
		};
		6CBA83532BFE71CC009BF65F /* Extensions */ = {
			isa = PBXGroup;
			children = (
				6CBA83542BFE71F8009BF65F /* UIImage+SystemName.swift */,
				6C30AE342C0D51AE00F538ED /* UITableView + RegisterCell + DequeueReusableCell.swift */,
				6C6B54DC2C12633900BEC192 /* UICollectionView + RegisterDequeueCellAndView.swift */,
				6C7F03282C1E25F60096C031 /* Double + Rounded.swift */,
			);
			path = Extensions;
			sourceTree = "<group>";
		};
		6CBA83562BFEFB91009BF65F /* Services */ = {
			isa = PBXGroup;
			children = (
				6C66B69D2C2609DE00C42EF1 /* CDStorageManager */,
				6C9C313C2C1D00FB00E8B238 /* APIDataProvider */,
				6CBA83572BFEFBC1009BF65F /* MOCKDataProvider.swift */,
				6C0875F92C1627F3002B4806 /* WeatherProvider.swift */,
				6C0875FD2C182289002B4806 /* APIEndpointProvider.swift */,
				6C0D1E972C23E724005493B4 /* UDStorageManager.swift */,
				6C66B6AA2C26292700C42EF1 /* CityDataProvider.swift */,
			);
			path = Services;
			sourceTree = "<group>";
		};
		9EBD6790F5AD7B567C20C151 /* Pods */ = {
			isa = PBXGroup;
			children = (
				86B10623401A2716A38F38B4 /* Pods-WeatherApp.debug.xcconfig */,
				879851C942FEF1B696F36694 /* Pods-WeatherApp.release.xcconfig */,
			);
			path = Pods;
			sourceTree = "<group>";
		};
/* End PBXGroup section */

/* Begin PBXNativeTarget section */
		6C3090A92BEAA7CA00C343EE /* WeatherApp */ = {
			isa = PBXNativeTarget;
			buildConfigurationList = 6C3090C12BEAA7CC00C343EE /* Build configuration list for PBXNativeTarget "WeatherApp" */;
			buildPhases = (
				D6D25441F10CD780855EE131 /* [CP] Check Pods Manifest.lock */,
				6C3090A62BEAA7CA00C343EE /* Sources */,
				6C3090A72BEAA7CA00C343EE /* Frameworks */,
				6C3090A82BEAA7CA00C343EE /* Resources */,
				CB075B69CCDBBE9E7872BFC8 /* [CP] Embed Pods Frameworks */,
			);
			buildRules = (
			);
			dependencies = (
			);
			name = WeatherApp;
			productName = WeatherApp;
			productReference = 6C3090AA2BEAA7CA00C343EE /* WeatherApp.app */;
			productType = "com.apple.product-type.application";
		};
/* End PBXNativeTarget section */

/* Begin PBXProject section */
		6C3090A22BEAA7CA00C343EE /* Project object */ = {
			isa = PBXProject;
			attributes = {
				BuildIndependentTargetsInParallel = 1;
				LastSwiftUpdateCheck = 1530;
				LastUpgradeCheck = 1530;
				TargetAttributes = {
					6C3090A92BEAA7CA00C343EE = {
						CreatedOnToolsVersion = 15.3;
					};
				};
			};
			buildConfigurationList = 6C3090A52BEAA7CA00C343EE /* Build configuration list for PBXProject "WeatherApp" */;
			compatibilityVersion = "Xcode 14.0";
			developmentRegion = en;
			hasScannedForEncodings = 0;
			knownRegions = (
				en,
				Base,
			);
			mainGroup = 6C3090A12BEAA7CA00C343EE;
			productRefGroup = 6C3090AB2BEAA7CA00C343EE /* Products */;
			projectDirPath = "";
			projectRoot = "";
			targets = (
				6C3090A92BEAA7CA00C343EE /* WeatherApp */,
			);
		};
/* End PBXProject section */

/* Begin PBXResourcesBuildPhase section */
		6C3090A82BEAA7CA00C343EE /* Resources */ = {
			isa = PBXResourcesBuildPhase;
			buildActionMask = 2147483647;
			files = (
				6C3090BA2BEAA7CC00C343EE /* Assets.xcassets in Resources */,
				6C0875FC2C181A19002B4806 /* Config.plist in Resources */,
				6C0876092C18DFE0002B4806 /* city_list.json in Resources */,
				6C3090BD2BEAA7CC00C343EE /* Base in Resources */,
			);
			runOnlyForDeploymentPostprocessing = 0;
		};
/* End PBXResourcesBuildPhase section */

/* Begin PBXShellScriptBuildPhase section */
		CB075B69CCDBBE9E7872BFC8 /* [CP] Embed Pods Frameworks */ = {
			isa = PBXShellScriptBuildPhase;
			buildActionMask = 2147483647;
			files = (
			);
			inputFileListPaths = (
				"${PODS_ROOT}/Target Support Files/Pods-WeatherApp/Pods-WeatherApp-frameworks-${CONFIGURATION}-input-files.xcfilelist",
			);
			name = "[CP] Embed Pods Frameworks";
			outputFileListPaths = (
				"${PODS_ROOT}/Target Support Files/Pods-WeatherApp/Pods-WeatherApp-frameworks-${CONFIGURATION}-output-files.xcfilelist",
			);
			runOnlyForDeploymentPostprocessing = 0;
			shellPath = /bin/sh;
			shellScript = "\"${PODS_ROOT}/Target Support Files/Pods-WeatherApp/Pods-WeatherApp-frameworks.sh\"\n";
			showEnvVarsInLog = 0;
		};
		D6D25441F10CD780855EE131 /* [CP] Check Pods Manifest.lock */ = {
			isa = PBXShellScriptBuildPhase;
			buildActionMask = 2147483647;
			files = (
			);
			inputFileListPaths = (
			);
			inputPaths = (
				"${PODS_PODFILE_DIR_PATH}/Podfile.lock",
				"${PODS_ROOT}/Manifest.lock",
			);
			name = "[CP] Check Pods Manifest.lock";
			outputFileListPaths = (
			);
			outputPaths = (
				"$(DERIVED_FILE_DIR)/Pods-WeatherApp-checkManifestLockResult.txt",
			);
			runOnlyForDeploymentPostprocessing = 0;
			shellPath = /bin/sh;
			shellScript = "diff \"${PODS_PODFILE_DIR_PATH}/Podfile.lock\" \"${PODS_ROOT}/Manifest.lock\" > /dev/null\nif [ $? != 0 ] ; then\n    # print error to STDERR\n    echo \"error: The sandbox is not in sync with the Podfile.lock. Run 'pod install' or update your CocoaPods installation.\" >&2\n    exit 1\nfi\n# This output is used by Xcode 'outputs' to avoid re-running this script phase.\necho \"SUCCESS\" > \"${SCRIPT_OUTPUT_FILE_0}\"\n";
			showEnvVarsInLog = 0;
		};
/* End PBXShellScriptBuildPhase section */

/* Begin PBXSourcesBuildPhase section */
		6C3090A62BEAA7CA00C343EE /* Sources */ = {
			isa = PBXSourcesBuildPhase;
			buildActionMask = 2147483647;
			files = (
				6C7F03252C1E24860096C031 /* WeatherData.swift in Sources */,
				6C6B54DD2C12633900BEC192 /* UICollectionView + RegisterDequeueCellAndView.swift in Sources */,
				6C7F03272C1E252A0096C031 /* WindData.swift in Sources */,
				6C463FBA2C1183F700C7B1C1 /* CitySelectionViewModel.swift in Sources */,
				6CBA83582BFEFBC1009BF65F /* MOCKDataProvider.swift in Sources */,
				6C30AE312C0A6CA800F538ED /* HourWeatherCell.swift in Sources */,
				6C0D1E982C23E724005493B4 /* UDStorageManager.swift in Sources */,
				6C9C31412C1D019700E8B238 /* Coordinate.swift in Sources */,
				6C7F03292C1E25F60096C031 /* Double + Rounded.swift in Sources */,
				6CBA83552BFE71F8009BF65F /* UIImage+SystemName.swift in Sources */,
				6CBF64142BEF27A300567128 /* CitySelectionViewController.swift in Sources */,
				6C9C314B2C1D593300E8B238 /* CityData.swift in Sources */,
				6C66B6A02C260A0300C42EF1 /* CityEntity.swift in Sources */,
				6C66B6A22C260C5200C42EF1 /* CDStorageManager.swift in Sources */,
				6C0875FA2C1627F3002B4806 /* WeatherProvider.swift in Sources */,
				6C3090B22BEAA7CA00C343EE /* CityWeatherViewController.swift in Sources */,
				6C08760B2C18E7B7002B4806 /* CitySearchViewModel.swift in Sources */,
				6C3090AE2BEAA7CA00C343EE /* AppDelegate.swift in Sources */,
				6C0875FE2C182289002B4806 /* APIEndpointProvider.swift in Sources */,
				6C9C31472C1D4C9700E8B238 /* APIError.swift in Sources */,
				6C30AE2D2C0A65B600F538ED /* CityWeatherViewModel.swift in Sources */,
				6CD7D3352C139188003EAD34 /* WeatherViewBackground.swift in Sources */,
				6C3090CE2BEAF41000C343EE /* BottomBarView.swift in Sources */,
				6C9C313E2C1D011100E8B238 /* APIDataProvider.swift in Sources */,
				6C66B6A62C261CCA00C42EF1 /* CoreData.xcdatamodeld in Sources */,
				6C6B54DB2C1257E600BEC192 /* InfoFooter.swift in Sources */,
				6C1BCD552BF81E890098BDD4 /* CityWeatherDetailsViewController.swift in Sources */,
				6C18BA912C138A0C005ACFA1 /* WeatherViewHeader.swift in Sources */,
				6C0876012C18BFC9002B4806 /* ForecastResponse.swift in Sources */,
				6C1BCD582BF876770098BDD4 /* CitySearchViewController.swift in Sources */,
				6C30AE2F2C0A674A00F538ED /* TitleCell.swift in Sources */,
				6C66B6AB2C26292700C42EF1 /* CityDataProvider.swift in Sources */,
				6C7F03232C1E24130096C031 /* MainData.swift in Sources */,
				6C7F03212C1D62220096C031 /* GroupResponce.swift in Sources */,
				6C89676E2BF06A9A0046E356 /* WebViewController.swift in Sources */,
				6C9C31432C1D03E100E8B238 /* WeatherResponse.swift in Sources */,
				6C89676B2BF027A00046E356 /* UnitSelectionView.swift in Sources */,
				6C3090B02BEAA7CA00C343EE /* SceneDelegate.swift in Sources */,
				6C30AE332C0A6CD300F538ED /* DayWeatherCell.swift in Sources */,
				6C30AE352C0D51AE00F538ED /* UITableView + RegisterCell + DequeueReusableCell.swift in Sources */,
				6C72E6C52BEDA0EE000E246D /* CityViewCell.swift in Sources */,
				6C3090C72BEAC55900C343EE /* TitleView.swift in Sources */,
				6C9C31492C1D4D2400E8B238 /* CloudsData.swift in Sources */,
			);
			runOnlyForDeploymentPostprocessing = 0;
		};
/* End PBXSourcesBuildPhase section */

/* Begin PBXVariantGroup section */
		6C3090BB2BEAA7CC00C343EE /* LaunchScreen.storyboard */ = {
			isa = PBXVariantGroup;
			children = (
				6C3090BC2BEAA7CC00C343EE /* Base */,
			);
			name = LaunchScreen.storyboard;
			sourceTree = "<group>";
		};
/* End PBXVariantGroup section */

/* Begin XCBuildConfiguration section */
		6C3090BF2BEAA7CC00C343EE /* Debug */ = {
			isa = XCBuildConfiguration;
			buildSettings = {
				ALWAYS_SEARCH_USER_PATHS = NO;
				ASSETCATALOG_COMPILER_GENERATE_SWIFT_ASSET_SYMBOL_EXTENSIONS = YES;
				CLANG_ANALYZER_NONNULL = YES;
				CLANG_ANALYZER_NUMBER_OBJECT_CONVERSION = YES_AGGRESSIVE;
				CLANG_CXX_LANGUAGE_STANDARD = "gnu++20";
				CLANG_ENABLE_MODULES = YES;
				CLANG_ENABLE_OBJC_ARC = YES;
				CLANG_ENABLE_OBJC_WEAK = YES;
				CLANG_WARN_BLOCK_CAPTURE_AUTORELEASING = YES;
				CLANG_WARN_BOOL_CONVERSION = YES;
				CLANG_WARN_COMMA = YES;
				CLANG_WARN_CONSTANT_CONVERSION = YES;
				CLANG_WARN_DEPRECATED_OBJC_IMPLEMENTATIONS = YES;
				CLANG_WARN_DIRECT_OBJC_ISA_USAGE = YES_ERROR;
				CLANG_WARN_DOCUMENTATION_COMMENTS = YES;
				CLANG_WARN_EMPTY_BODY = YES;
				CLANG_WARN_ENUM_CONVERSION = YES;
				CLANG_WARN_INFINITE_RECURSION = YES;
				CLANG_WARN_INT_CONVERSION = YES;
				CLANG_WARN_NON_LITERAL_NULL_CONVERSION = YES;
				CLANG_WARN_OBJC_IMPLICIT_RETAIN_SELF = YES;
				CLANG_WARN_OBJC_LITERAL_CONVERSION = YES;
				CLANG_WARN_OBJC_ROOT_CLASS = YES_ERROR;
				CLANG_WARN_QUOTED_INCLUDE_IN_FRAMEWORK_HEADER = YES;
				CLANG_WARN_RANGE_LOOP_ANALYSIS = YES;
				CLANG_WARN_STRICT_PROTOTYPES = YES;
				CLANG_WARN_SUSPICIOUS_MOVE = YES;
				CLANG_WARN_UNGUARDED_AVAILABILITY = YES_AGGRESSIVE;
				CLANG_WARN_UNREACHABLE_CODE = YES;
				CLANG_WARN__DUPLICATE_METHOD_MATCH = YES;
				COPY_PHASE_STRIP = NO;
				DEBUG_INFORMATION_FORMAT = dwarf;
				ENABLE_STRICT_OBJC_MSGSEND = YES;
				ENABLE_TESTABILITY = YES;
				ENABLE_USER_SCRIPT_SANDBOXING = NO;
				GCC_C_LANGUAGE_STANDARD = gnu17;
				GCC_DYNAMIC_NO_PIC = NO;
				GCC_NO_COMMON_BLOCKS = YES;
				GCC_OPTIMIZATION_LEVEL = 0;
				GCC_PREPROCESSOR_DEFINITIONS = (
					"DEBUG=1",
					"$(inherited)",
				);
				GCC_WARN_64_TO_32_BIT_CONVERSION = YES;
				GCC_WARN_ABOUT_RETURN_TYPE = YES_ERROR;
				GCC_WARN_UNDECLARED_SELECTOR = YES;
				GCC_WARN_UNINITIALIZED_AUTOS = YES_AGGRESSIVE;
				GCC_WARN_UNUSED_FUNCTION = YES;
				GCC_WARN_UNUSED_VARIABLE = YES;
				IPHONEOS_DEPLOYMENT_TARGET = 17.4;
				LOCALIZATION_PREFERS_STRING_CATALOGS = YES;
				MTL_ENABLE_DEBUG_INFO = INCLUDE_SOURCE;
				MTL_FAST_MATH = YES;
				ONLY_ACTIVE_ARCH = YES;
				SDKROOT = iphoneos;
				SWIFT_ACTIVE_COMPILATION_CONDITIONS = "DEBUG $(inherited)";
				SWIFT_OPTIMIZATION_LEVEL = "-Onone";
			};
			name = Debug;
		};
		6C3090C02BEAA7CC00C343EE /* Release */ = {
			isa = XCBuildConfiguration;
			buildSettings = {
				ALWAYS_SEARCH_USER_PATHS = NO;
				ASSETCATALOG_COMPILER_GENERATE_SWIFT_ASSET_SYMBOL_EXTENSIONS = YES;
				CLANG_ANALYZER_NONNULL = YES;
				CLANG_ANALYZER_NUMBER_OBJECT_CONVERSION = YES_AGGRESSIVE;
				CLANG_CXX_LANGUAGE_STANDARD = "gnu++20";
				CLANG_ENABLE_MODULES = YES;
				CLANG_ENABLE_OBJC_ARC = YES;
				CLANG_ENABLE_OBJC_WEAK = YES;
				CLANG_WARN_BLOCK_CAPTURE_AUTORELEASING = YES;
				CLANG_WARN_BOOL_CONVERSION = YES;
				CLANG_WARN_COMMA = YES;
				CLANG_WARN_CONSTANT_CONVERSION = YES;
				CLANG_WARN_DEPRECATED_OBJC_IMPLEMENTATIONS = YES;
				CLANG_WARN_DIRECT_OBJC_ISA_USAGE = YES_ERROR;
				CLANG_WARN_DOCUMENTATION_COMMENTS = YES;
				CLANG_WARN_EMPTY_BODY = YES;
				CLANG_WARN_ENUM_CONVERSION = YES;
				CLANG_WARN_INFINITE_RECURSION = YES;
				CLANG_WARN_INT_CONVERSION = YES;
				CLANG_WARN_NON_LITERAL_NULL_CONVERSION = YES;
				CLANG_WARN_OBJC_IMPLICIT_RETAIN_SELF = YES;
				CLANG_WARN_OBJC_LITERAL_CONVERSION = YES;
				CLANG_WARN_OBJC_ROOT_CLASS = YES_ERROR;
				CLANG_WARN_QUOTED_INCLUDE_IN_FRAMEWORK_HEADER = YES;
				CLANG_WARN_RANGE_LOOP_ANALYSIS = YES;
				CLANG_WARN_STRICT_PROTOTYPES = YES;
				CLANG_WARN_SUSPICIOUS_MOVE = YES;
				CLANG_WARN_UNGUARDED_AVAILABILITY = YES_AGGRESSIVE;
				CLANG_WARN_UNREACHABLE_CODE = YES;
				CLANG_WARN__DUPLICATE_METHOD_MATCH = YES;
				COPY_PHASE_STRIP = NO;
				DEBUG_INFORMATION_FORMAT = "dwarf-with-dsym";
				ENABLE_NS_ASSERTIONS = NO;
				ENABLE_STRICT_OBJC_MSGSEND = YES;
				ENABLE_USER_SCRIPT_SANDBOXING = NO;
				GCC_C_LANGUAGE_STANDARD = gnu17;
				GCC_NO_COMMON_BLOCKS = YES;
				GCC_WARN_64_TO_32_BIT_CONVERSION = YES;
				GCC_WARN_ABOUT_RETURN_TYPE = YES_ERROR;
				GCC_WARN_UNDECLARED_SELECTOR = YES;
				GCC_WARN_UNINITIALIZED_AUTOS = YES_AGGRESSIVE;
				GCC_WARN_UNUSED_FUNCTION = YES;
				GCC_WARN_UNUSED_VARIABLE = YES;
				IPHONEOS_DEPLOYMENT_TARGET = 17.4;
				LOCALIZATION_PREFERS_STRING_CATALOGS = YES;
				MTL_ENABLE_DEBUG_INFO = NO;
				MTL_FAST_MATH = YES;
				SDKROOT = iphoneos;
				SWIFT_COMPILATION_MODE = wholemodule;
				VALIDATE_PRODUCT = YES;
			};
			name = Release;
		};
		6C3090C22BEAA7CC00C343EE /* Debug */ = {
			isa = XCBuildConfiguration;
			baseConfigurationReference = 86B10623401A2716A38F38B4 /* Pods-WeatherApp.debug.xcconfig */;
			buildSettings = {
				ASSETCATALOG_COMPILER_APPICON_NAME = AppIcon;
				ASSETCATALOG_COMPILER_GLOBAL_ACCENT_COLOR_NAME = AccentColor;
				CODE_SIGN_STYLE = Automatic;
				CURRENT_PROJECT_VERSION = 1;
				DEVELOPMENT_TEAM = 9Y6293N9NZ;
				GENERATE_INFOPLIST_FILE = YES;
				INFOPLIST_FILE = WeatherApp/SupportingFiles/Info.plist;
				INFOPLIST_KEY_UIApplicationSupportsIndirectInputEvents = YES;
				INFOPLIST_KEY_UILaunchStoryboardName = LaunchScreen;
				INFOPLIST_KEY_UIMainStoryboardFile = "";
				INFOPLIST_KEY_UISupportedInterfaceOrientations_iPad = "UIInterfaceOrientationPortrait UIInterfaceOrientationPortraitUpsideDown UIInterfaceOrientationLandscapeLeft UIInterfaceOrientationLandscapeRight";
				INFOPLIST_KEY_UISupportedInterfaceOrientations_iPhone = "UIInterfaceOrientationPortrait UIInterfaceOrientationLandscapeLeft UIInterfaceOrientationLandscapeRight";
				LD_RUNPATH_SEARCH_PATHS = (
					"$(inherited)",
					"@executable_path/Frameworks",
				);
				MARKETING_VERSION = 1.0;
				PRODUCT_BUNDLE_IDENTIFIER = com.arsalashka.WeatherApp;
				PRODUCT_NAME = "$(TARGET_NAME)";
				SWIFT_EMIT_LOC_STRINGS = YES;
				SWIFT_VERSION = 5.0;
				TARGETED_DEVICE_FAMILY = "1,2";
			};
			name = Debug;
		};
		6C3090C32BEAA7CC00C343EE /* Release */ = {
			isa = XCBuildConfiguration;
			baseConfigurationReference = 879851C942FEF1B696F36694 /* Pods-WeatherApp.release.xcconfig */;
			buildSettings = {
				ASSETCATALOG_COMPILER_APPICON_NAME = AppIcon;
				ASSETCATALOG_COMPILER_GLOBAL_ACCENT_COLOR_NAME = AccentColor;
				CODE_SIGN_STYLE = Automatic;
				CURRENT_PROJECT_VERSION = 1;
				DEVELOPMENT_TEAM = 9Y6293N9NZ;
				GENERATE_INFOPLIST_FILE = YES;
				INFOPLIST_FILE = WeatherApp/SupportingFiles/Info.plist;
				INFOPLIST_KEY_UIApplicationSupportsIndirectInputEvents = YES;
				INFOPLIST_KEY_UILaunchStoryboardName = LaunchScreen;
				INFOPLIST_KEY_UIMainStoryboardFile = "";
				INFOPLIST_KEY_UISupportedInterfaceOrientations_iPad = "UIInterfaceOrientationPortrait UIInterfaceOrientationPortraitUpsideDown UIInterfaceOrientationLandscapeLeft UIInterfaceOrientationLandscapeRight";
				INFOPLIST_KEY_UISupportedInterfaceOrientations_iPhone = "UIInterfaceOrientationPortrait UIInterfaceOrientationLandscapeLeft UIInterfaceOrientationLandscapeRight";
				LD_RUNPATH_SEARCH_PATHS = (
					"$(inherited)",
					"@executable_path/Frameworks",
				);
				MARKETING_VERSION = 1.0;
				PRODUCT_BUNDLE_IDENTIFIER = com.arsalashka.WeatherApp;
				PRODUCT_NAME = "$(TARGET_NAME)";
				SWIFT_EMIT_LOC_STRINGS = YES;
				SWIFT_VERSION = 5.0;
				TARGETED_DEVICE_FAMILY = "1,2";
			};
			name = Release;
		};
/* End XCBuildConfiguration section */

/* Begin XCConfigurationList section */
		6C3090A52BEAA7CA00C343EE /* Build configuration list for PBXProject "WeatherApp" */ = {
			isa = XCConfigurationList;
			buildConfigurations = (
				6C3090BF2BEAA7CC00C343EE /* Debug */,
				6C3090C02BEAA7CC00C343EE /* Release */,
			);
			defaultConfigurationIsVisible = 0;
			defaultConfigurationName = Release;
		};
		6C3090C12BEAA7CC00C343EE /* Build configuration list for PBXNativeTarget "WeatherApp" */ = {
			isa = XCConfigurationList;
			buildConfigurations = (
				6C3090C22BEAA7CC00C343EE /* Debug */,
				6C3090C32BEAA7CC00C343EE /* Release */,
			);
			defaultConfigurationIsVisible = 0;
			defaultConfigurationName = Release;
		};
/* End XCConfigurationList section */

/* Begin XCVersionGroup section */
		6C66B6A32C261CCA00C42EF1 /* CoreData.xcdatamodeld */ = {
			isa = XCVersionGroup;
			children = (
				6C66B6A42C261CCA00C42EF1 /* WeatherApp.xcdatamodel */,
				6C66B6A52C261CCA00C42EF1 /* CoreData.xcdatamodel */,
			);
			currentVersion = 6C66B6A52C261CCA00C42EF1 /* CoreData.xcdatamodel */;
			name = CoreData.xcdatamodeld;
			path = /Users/arsalashka/projects/pasv/WeatherApp/WeatherApp/Services/CDStorageManager/CoreData.xcdatamodeld;
			sourceTree = "<group>";
			versionGroupType = wrapper.xcdatamodel;
		};
/* End XCVersionGroup section */
	};
	rootObject = 6C3090A22BEAA7CA00C343EE /* Project object */;
}
